
Microsoft Visual Studio Solution File, Format Version 12.00
# Visual Studio 15
VisualStudioVersion = 15.0.28010.2041
MinimumVisualStudioVersion = 10.0.40219.1
Project("{8BC9CEB8-8B4A-11D0-8D11-00A0C91BC942}") = "Kalkulator_2018_001", "Kalkulator_2018_001\Kalkulator_2018_001.vcxproj", "{C58C75C3-EC67-49DC-B5E1-A37B525872E9}"
EndProject
Global
	GlobalSection(SolutionConfigurationPlatforms) = preSolution
		Debug|x64 = Debug|x64
		Debug|x86 = Debug|x86
		Release|x64 = Release|x64
		Release|x86 = Release|x86
	EndGlobalSection
	GlobalSection(ProjectConfigurationPlatforms) = postSolution
		{C58C75C3-EC67-49DC-B5E1-A37B525872E9}.Debug|x64.ActiveCfg = Debug|x64
		{C58C75C3-EC67-49DC-B5E1-A37B525872E9}.Debug|x64.Build.0 = Debug|x64
		{C58C75C3-EC67-49DC-B5E1-A37B525872E9}.Debug|x86.ActiveCfg = Debug|Win32
		{C58C75C3-EC67-49DC-B5E1-A37B525872E9}.Debug|x86.Build.0 = Debug|Win32
		{C58C75C3-EC67-49DC-B5E1-A37B525872E9}.Release|x64.ActiveCfg = Release|x64
		{C58C75C3-EC67-49DC-B5E1-A37B525872E9}.Release|x64.Build.0 = Release|x64
		{C58C75C3-EC67-49DC-B5E1-A37B525872E9}.Release|x86.ActiveCfg = Release|Win32
		{C58C75C3-EC67-49DC-B5E1-A37B525872E9}.Release|x86.Build.0 = Release|Win32
	EndGlobalSection
	GlobalSection(SolutionProperties) = preSolution
		HideSolutionNode = FALSE
	EndGlobalSection
	GlobalSection(ExtensibilityGlobals) = postSolution
		SolutionGuid = {BEE74021-25B0-4BD2-9C19-4E3CA89CD977}
	EndGlobalSection
EndGlobal
